
Microsoft Visual Studio Solution File, Format Version 12.00
# Visual Studio Version 17
VisualStudioVersion = 17.7.34202.233
MinimumVisualStudioVersion = 10.0.40219.1
Project("{FAE04EC0-301F-11D3-BF4B-00C04F79EFBC}") = "overcodexv2", "overcodexv2\overcodexv2.csproj", "{13C45859-9C08-481C-A14D-2CC6A90D1789}"
EndProject
Global
	GlobalSection(SolutionConfigurationPlatforms) = preSolution
		Debug|Any CPU = Debug|Any CPU
		Release|Any CPU = Release|Any CPU
	EndGlobalSection
	GlobalSection(ProjectConfigurationPlatforms) = postSolution
		{13C45859-9C08-481C-A14D-2CC6A90D1789}.Debug|Any CPU.ActiveCfg = Debug|Any CPU
		{13C45859-9C08-481C-A14D-2CC6A90D1789}.Debug|Any CPU.Build.0 = Debug|Any CPU
		{13C45859-9C08-481C-A14D-2CC6A90D1789}.Release|Any CPU.ActiveCfg = Release|Any CPU
		{13C45859-9C08-481C-A14D-2CC6A90D1789}.Release|Any CPU.Build.0 = Release|Any CPU
	EndGlobalSection
	GlobalSection(SolutionProperties) = preSolution
		HideSolutionNode = FALSE
	EndGlobalSection
	GlobalSection(ExtensibilityGlobals) = postSolution
		SolutionGuid = {C4E2190B-2CED-4993-BD2D-8D0E02A9DD9E}
	EndGlobalSection
EndGlobal
